{
    "_meta": {
        "hash": {
            "sha256": "6a1656cb8512467fab0dbb8754b9ad41b2dba09b85c49104ef22496e6b2f9476"
        },
        "pipfile-spec": 6,
        "requires": {
            "python_version": "3.10"
        },
        "sources": [
            {
                "name": "pypi",
                "url": "https://pypi.org/simple",
                "verify_ssl": true
            }
        ]
    },
    "default": {
        "neo4j": {
            "hashes": [
                "sha256:99ba8321195a114a870704dd00463a0429c364c97dde603b39841e78ac05b97c"
            ],
            "index": "pypi",
            "version": "==5.6.0"
        },
        "pytz": {
            "hashes": [
                "sha256:01a0681c4b9684a28304615eba55d1ab31ae00bf68ec157ec3708a8182dbbcd0",
                "sha256:78f4f37d8198e0627c5f1143240bb0206b8691d8d7ac6d78fee88b78733f8c4a"
            ],
            "version": "==2022.7.1"
        }
    },
    "develop": {}
}
